
Microsoft Visual Studio Solution File, Format Version 12.00
# Visual Studio Version 17
VisualStudioVersion = 17.1.32407.343
MinimumVisualStudioVersion = 10.0.40219.1
Project("{FAE04EC0-301F-11D3-BF4B-00C04F79EFBC}") = "Convolutional Neural Network", "Convolutional Neural Network\Convolutional Neural Network.csproj", "{FF11D113-F4A8-4C3E-B740-03DAA7EE7A55}"
EndProject
Global
	GlobalSection(SolutionConfigurationPlatforms) = preSolution
		Debug|Any CPU = Debug|Any CPU
		Release|Any CPU = Release|Any CPU
	EndGlobalSection
	GlobalSection(ProjectConfigurationPlatforms) = postSolution
		{FF11D113-F4A8-4C3E-B740-03DAA7EE7A55}.Debug|Any CPU.ActiveCfg = Debug|Any CPU
		{FF11D113-F4A8-4C3E-B740-03DAA7EE7A55}.Debug|Any CPU.Build.0 = Debug|Any CPU
		{FF11D113-F4A8-4C3E-B740-03DAA7EE7A55}.Release|Any CPU.ActiveCfg = Release|Any CPU
		{FF11D113-F4A8-4C3E-B740-03DAA7EE7A55}.Release|Any CPU.Build.0 = Release|Any CPU
	EndGlobalSection
	GlobalSection(SolutionProperties) = preSolution
		HideSolutionNode = FALSE
	EndGlobalSection
	GlobalSection(ExtensibilityGlobals) = postSolution
		SolutionGuid = {9F326A2D-E156-42EB-9F24-41910A6CD5BE}
	EndGlobalSection
EndGlobal
